
Microsoft Visual Studio Solution File, Format Version 12.00
# Visual Studio Version 16
VisualStudioVersion = 16.0.29519.87
MinimumVisualStudioVersion = 10.0.40219.1
Project("{8BC9CEB8-8B4A-11D0-8D11-00A0C91BC942}") = "smart_CellClassification", "smart_CellClassification\smart_CellClassification.vcxproj", "{6E87AEE5-E169-4784-9D86-71A62E72C844}"
EndProject
Project("{8BC9CEB8-8B4A-11D0-8D11-00A0C91BC942}") = "deom_CellClassifier", "deom_CellClassifier\deom_CellClassifier.vcxproj", "{4FA270BF-3486-4180-ABD1-8DD3B0FAACCB}"
	ProjectSection(ProjectDependencies) = postProject
		{6E87AEE5-E169-4784-9D86-71A62E72C844} = {6E87AEE5-E169-4784-9D86-71A62E72C844}
	EndProjectSection
EndProject
Global
	GlobalSection(SolutionConfigurationPlatforms) = preSolution
		Debug|x64 = Debug|x64
		Debug|x86 = Debug|x86
		Release|x64 = Release|x64
		Release|x86 = Release|x86
	EndGlobalSection
	GlobalSection(ProjectConfigurationPlatforms) = postSolution
		{6E87AEE5-E169-4784-9D86-71A62E72C844}.Debug|x64.ActiveCfg = Debug|x64
		{6E87AEE5-E169-4784-9D86-71A62E72C844}.Debug|x64.Build.0 = Debug|x64
		{6E87AEE5-E169-4784-9D86-71A62E72C844}.Debug|x86.ActiveCfg = Debug|Win32
		{6E87AEE5-E169-4784-9D86-71A62E72C844}.Debug|x86.Build.0 = Debug|Win32
		{6E87AEE5-E169-4784-9D86-71A62E72C844}.Release|x64.ActiveCfg = Release|x64
		{6E87AEE5-E169-4784-9D86-71A62E72C844}.Release|x64.Build.0 = Release|x64
		{6E87AEE5-E169-4784-9D86-71A62E72C844}.Release|x86.ActiveCfg = Release|Win32
		{6E87AEE5-E169-4784-9D86-71A62E72C844}.Release|x86.Build.0 = Release|Win32
		{4FA270BF-3486-4180-ABD1-8DD3B0FAACCB}.Debug|x64.ActiveCfg = Debug|x64
		{4FA270BF-3486-4180-ABD1-8DD3B0FAACCB}.Debug|x64.Build.0 = Debug|x64
		{4FA270BF-3486-4180-ABD1-8DD3B0FAACCB}.Debug|x86.ActiveCfg = Debug|Win32
		{4FA270BF-3486-4180-ABD1-8DD3B0FAACCB}.Debug|x86.Build.0 = Debug|Win32
		{4FA270BF-3486-4180-ABD1-8DD3B0FAACCB}.Release|x64.ActiveCfg = Release|x64
		{4FA270BF-3486-4180-ABD1-8DD3B0FAACCB}.Release|x64.Build.0 = Release|x64
		{4FA270BF-3486-4180-ABD1-8DD3B0FAACCB}.Release|x86.ActiveCfg = Release|Win32
		{4FA270BF-3486-4180-ABD1-8DD3B0FAACCB}.Release|x86.Build.0 = Release|Win32
	EndGlobalSection
	GlobalSection(SolutionProperties) = preSolution
		HideSolutionNode = FALSE
	EndGlobalSection
	GlobalSection(ExtensibilityGlobals) = postSolution
		SolutionGuid = {00B8256E-C806-491A-BA59-39EB1E1AEFF8}
	EndGlobalSection
EndGlobal
